
Microsoft Visual Studio Solution File, Format Version 12.00
# Visual Studio 15
VisualStudioVersion = 15.0.28307.1585
MinimumVisualStudioVersion = 10.0.40219.1
Project("{FAE04EC0-301F-11D3-BF4B-00C04F79EFBC}") = "Pharmacy_IS", "Pharmacy_IS\Pharmacy_IS.csproj", "{1BC0846A-9CB4-4E83-ABE6-DA2415895722}"
EndProject
Global
	GlobalSection(SolutionConfigurationPlatforms) = preSolution
		Debug|Any CPU = Debug|Any CPU
		Release|Any CPU = Release|Any CPU
	EndGlobalSection
	GlobalSection(ProjectConfigurationPlatforms) = postSolution
		{1BC0846A-9CB4-4E83-ABE6-DA2415895722}.Debug|Any CPU.ActiveCfg = Debug|Any CPU
		{1BC0846A-9CB4-4E83-ABE6-DA2415895722}.Debug|Any CPU.Build.0 = Debug|Any CPU
		{1BC0846A-9CB4-4E83-ABE6-DA2415895722}.Release|Any CPU.ActiveCfg = Release|Any CPU
		{1BC0846A-9CB4-4E83-ABE6-DA2415895722}.Release|Any CPU.Build.0 = Release|Any CPU
	EndGlobalSection
	GlobalSection(SolutionProperties) = preSolution
		HideSolutionNode = FALSE
	EndGlobalSection
	GlobalSection(ExtensibilityGlobals) = postSolution
		SolutionGuid = {39005836-79BA-47E6-83EC-A3355A1572BA}
	EndGlobalSection
EndGlobal
